
Microsoft Visual Studio Solution File, Format Version 12.00
# Visual Studio Version 17
VisualStudioVersion = 17.14.36127.28 d17.14
MinimumVisualStudioVersion = 10.0.40219.1
Project("{FAE04EC0-301F-11D3-BF4B-00C04F79EFBC}") = "Pizzafjg", "Pizzafjg\Pizzafjg.csproj", "{7FC74170-18E8-46A3-873B-51F3EB909D37}"
EndProject
Global
	GlobalSection(SolutionConfigurationPlatforms) = preSolution
		Debug|Any CPU = Debug|Any CPU
		Release|Any CPU = Release|Any CPU
	EndGlobalSection
	GlobalSection(ProjectConfigurationPlatforms) = postSolution
		{7FC74170-18E8-46A3-873B-51F3EB909D37}.Debug|Any CPU.ActiveCfg = Debug|Any CPU
		{7FC74170-18E8-46A3-873B-51F3EB909D37}.Debug|Any CPU.Build.0 = Debug|Any CPU
		{7FC74170-18E8-46A3-873B-51F3EB909D37}.Release|Any CPU.ActiveCfg = Release|Any CPU
		{7FC74170-18E8-46A3-873B-51F3EB909D37}.Release|Any CPU.Build.0 = Release|Any CPU
	EndGlobalSection
	GlobalSection(SolutionProperties) = preSolution
		HideSolutionNode = FALSE
	EndGlobalSection
	GlobalSection(ExtensibilityGlobals) = postSolution
		SolutionGuid = {8C92D5EF-6E87-4C32-9B51-1CF677CABC59}
	EndGlobalSection
EndGlobal
